
Microsoft Visual Studio Solution File, Format Version 12.00
# Visual Studio 15
VisualStudioVersion = 15.0.27130.2020
MinimumVisualStudioVersion = 10.0.40219.1
Project("{00D1A9C2-B5F0-4AF3-8072-F6C62B433612}") = "Skill Survey Database", "Skill Survey Database\Skill Survey Database.sqlproj", "{384FF3F1-54A0-4143-A46B-D237199776D2}"
EndProject
Project("{FAE04EC0-301F-11D3-BF4B-00C04F79EFBC}") = "Skill Survey Model", "Skill Survey Model\Skill Survey Model.csproj", "{D817EA73-F2CD-4DA0-A9AA-32448158DA90}"
EndProject
Project("{FAE04EC0-301F-11D3-BF4B-00C04F79EFBC}") = "Skill Survey Loader", "Skill Survey Loader\Skill Survey Loader.csproj", "{CC499070-1C87-41AC-95B2-086822197EEE}"
EndProject
Global
	GlobalSection(SolutionConfigurationPlatforms) = preSolution
		Debug|Any CPU = Debug|Any CPU
		Release|Any CPU = Release|Any CPU
	EndGlobalSection
	GlobalSection(ProjectConfigurationPlatforms) = postSolution
		{384FF3F1-54A0-4143-A46B-D237199776D2}.Debug|Any CPU.ActiveCfg = Debug|Any CPU
		{384FF3F1-54A0-4143-A46B-D237199776D2}.Debug|Any CPU.Build.0 = Debug|Any CPU
		{384FF3F1-54A0-4143-A46B-D237199776D2}.Debug|Any CPU.Deploy.0 = Debug|Any CPU
		{384FF3F1-54A0-4143-A46B-D237199776D2}.Release|Any CPU.ActiveCfg = Release|Any CPU
		{384FF3F1-54A0-4143-A46B-D237199776D2}.Release|Any CPU.Build.0 = Release|Any CPU
		{384FF3F1-54A0-4143-A46B-D237199776D2}.Release|Any CPU.Deploy.0 = Release|Any CPU
		{D817EA73-F2CD-4DA0-A9AA-32448158DA90}.Debug|Any CPU.ActiveCfg = Debug|Any CPU
		{D817EA73-F2CD-4DA0-A9AA-32448158DA90}.Debug|Any CPU.Build.0 = Debug|Any CPU
		{D817EA73-F2CD-4DA0-A9AA-32448158DA90}.Release|Any CPU.ActiveCfg = Release|Any CPU
		{D817EA73-F2CD-4DA0-A9AA-32448158DA90}.Release|Any CPU.Build.0 = Release|Any CPU
		{CC499070-1C87-41AC-95B2-086822197EEE}.Debug|Any CPU.ActiveCfg = Debug|Any CPU
		{CC499070-1C87-41AC-95B2-086822197EEE}.Debug|Any CPU.Build.0 = Debug|Any CPU
		{CC499070-1C87-41AC-95B2-086822197EEE}.Release|Any CPU.ActiveCfg = Release|Any CPU
		{CC499070-1C87-41AC-95B2-086822197EEE}.Release|Any CPU.Build.0 = Release|Any CPU
	EndGlobalSection
	GlobalSection(SolutionProperties) = preSolution
		HideSolutionNode = FALSE
	EndGlobalSection
	GlobalSection(ExtensibilityGlobals) = postSolution
		SolutionGuid = {8F38ABAF-D4F2-4343-807F-200576821561}
	EndGlobalSection
EndGlobal
